# THIS IS AN AUTOGENERATED FILE. DO NOT EDIT THIS FILE DIRECTLY.
# yarn lockfile v1


"@mxplay/player@3.0.8":
  version "3.0.8"
  resolved "https://registry.yarnpkg.com/@mxplay/player/-/player-3.0.8.tgz#c438818ec2eb67297cccdc507794bc2e248ef08c"
  integrity sha512-0696XG4XCOLkDsy9KK0zpG9A+LJkBkIRqugMOqyHOzxAXqcpRu2aUfFX/YVs7RqscPD60dJl6nEUss6/ivWexw==
